{
  "name": "canect-event-processing",
  "version": "1.1.0",
  "lockfileVersion": 1,
  "requires": true,
  "dependencies": {
    "@types/node": {
      "version": "12.20.17",
      "resolved": "https://registry.npmjs.org/@types/node/-/node-12.20.17.tgz",
      "integrity": "sha512-so8EHl4S6MmatPS0f9sE1ND94/ocbcEshW5OpyYthRqeRpiYyW2uXYTo/84kmfdfeNrDycARkvuiXl6nO40NGg==",
      "dev": true
    },
    "@types/ws": {
      "version": "6.0.4",
      "resolved": "https://registry.npmjs.org/@types/ws/-/ws-6.0.4.tgz",
      "integrity": "sha512-PpPrX7SZW9re6+Ha8ojZG4Se8AZXgf0GK6zmfqEuCsY49LFDNXO3SByp44X3dFEqtB73lkCDAdUazhAjVPiNwg==",
      "dev": true,
      "requires": {
        "@types/node": "*"
      }
    },
    "dirty-json": {
      "version": "0.7.1",
      "resolved": "https://registry.npmjs.org/dirty-json/-/dirty-json-0.7.1.tgz",
      "integrity": "sha512-k4nZQktf3+Rkiqjue81BpGV0jSa2L90AM7XNWqcMEGuPY7G1815dHQBqBjZxXzyJIHmzwUiSlK4zysqsOi+vdA==",
      "requires": {
        "lex": "^1.7.9",
        "unescape-js": "^1.0.8",
        "utf8": "^2.1.2"
      }
    },
    "lex": {
      "version": "1.7.9",
      "resolved": "https://registry.npmjs.org/lex/-/lex-1.7.9.tgz",
      "integrity": "sha1-XVY2zO9XQ0g2KTi3mkfw7tjtDUM="
    },
    "queueing-subject": {
      "version": "0.3.4",
      "resolved": "https://registry.npmjs.org/queueing-subject/-/queueing-subject-0.3.4.tgz",
      "integrity": "sha512-sdpymi9eq80oZyg74NrIGr1GHKIDRmBLZp+xqOct8Do5KpKalPsSz9NxApZb0S2j+EEDMzDlosBN5NJGFLmS7A=="
    },
    "rxjs": {
      "version": "6.6.7",
      "resolved": "https://registry.npmjs.org/rxjs/-/rxjs-6.6.7.tgz",
      "integrity": "sha512-hTdwr+7yYNIT5n4AMYp85KA6yw2Va0FLa3Rguvbpa4W3I5xynaBZo41cM3XM+4Q6fRMj3sBYIR1VAmZMXYJvRQ==",
      "requires": {
        "tslib": "^1.9.0"
      }
    },
    "rxjs-websockets": {
      "version": "7.0.2",
      "resolved": "https://registry.npmjs.org/rxjs-websockets/-/rxjs-websockets-7.0.2.tgz",
      "integrity": "sha512-7kWb3w3Sth1zdQOi31QypaeJxtOG99koMTfCkxubLSLCsye16BQFkM3mWtW6La9GxmXPW0pBJp/VTlEmB2PzHQ=="
    },
    "string.fromcodepoint": {
      "version": "0.2.1",
      "resolved": "https://registry.npmjs.org/string.fromcodepoint/-/string.fromcodepoint-0.2.1.tgz",
      "integrity": "sha1-jZeDM8C8klOPUPOD5IiPPlYZ1lM="
    },
    "tslib": {
      "version": "1.14.1",
      "resolved": "https://registry.npmjs.org/tslib/-/tslib-1.14.1.tgz",
      "integrity": "sha512-Xni35NKzjgMrwevysHTCArtLDpPvye8zV/0E4EyYn43P7/7qvQwPh9BGkHewbMulVntbigmcT7rdX3BNo9wRJg=="
    },
    "typescript": {
      "version": "4.3.5",
      "resolved": "https://registry.npmjs.org/typescript/-/typescript-4.3.5.tgz",
      "integrity": "sha512-DqQgihaQ9cUrskJo9kIyW/+g0Vxsk8cDtZ52a3NGh0YNTfpUSArXSohyUGnvbPazEPLu398C0UxmKSOrPumUzA==",
      "dev": true
    },
    "unescape-js": {
      "version": "1.1.4",
      "resolved": "https://registry.npmjs.org/unescape-js/-/unescape-js-1.1.4.tgz",
      "integrity": "sha512-42SD8NOQEhdYntEiUQdYq/1V/YHwr1HLwlHuTJB5InVVdOSbgI6xu8jK5q65yIzuFCfczzyDF/7hbGzVbyCw0g==",
      "requires": {
        "string.fromcodepoint": "^0.2.1"
      }
    },
    "utf8": {
      "version": "2.1.2",
      "resolved": "https://registry.npmjs.org/utf8/-/utf8-2.1.2.tgz",
      "integrity": "sha1-H6DZJw6b6FDZsFAn9jUZv0ZFfZY="
    },
    "ws": {
      "version": "7.5.10",
      "resolved": "https://registry.npmjs.org/ws/-/ws-7.5.10.tgz",
      "integrity": "sha512-+dbF1tHwZpXcbOJdVOkzLDxZP1ailvSxM6ZweXTegylPny803bFhA+vqBYw4s31NSAk4S2Qz+AKXK9a4wkdjcQ=="
    }
  }
}
